
Microsoft Visual Studio Solution File, Format Version 12.00
# Visual Studio Version 17
VisualStudioVersion = 17.5.002.0
MinimumVisualStudioVersion = 10.0.40219.1
Project("{9A19103F-16F7-4668-BE54-9A1E7A4F7556}") = "DesafioFundamentos", "DesafioFundamentos.csproj", "{F078AD19-8BF3-481A-B11B-33D0B73C77CB}"
EndProject
Global
	GlobalSection(SolutionConfigurationPlatforms) = preSolution
		Debug|Any CPU = Debug|Any CPU
		Release|Any CPU = Release|Any CPU
	EndGlobalSection
	GlobalSection(ProjectConfigurationPlatforms) = postSolution
		{F078AD19-8BF3-481A-B11B-33D0B73C77CB}.Debug|Any CPU.ActiveCfg = Debug|Any CPU
		{F078AD19-8BF3-481A-B11B-33D0B73C77CB}.Debug|Any CPU.Build.0 = Debug|Any CPU
		{F078AD19-8BF3-481A-B11B-33D0B73C77CB}.Release|Any CPU.ActiveCfg = Release|Any CPU
		{F078AD19-8BF3-481A-B11B-33D0B73C77CB}.Release|Any CPU.Build.0 = Release|Any CPU
	EndGlobalSection
	GlobalSection(SolutionProperties) = preSolution
		HideSolutionNode = FALSE
	EndGlobalSection
	GlobalSection(ExtensibilityGlobals) = postSolution
		SolutionGuid = {0EDD798F-DC42-45E2-9F4E-79AB5B77FF31}
	EndGlobalSection
EndGlobal
